{
  "requires": true,
  "lockfileVersion": 1,
  "dependencies": {
    "js-audio-recorder": {
      "version": "0.5.7",
      "resolved": "https://registry.npmjs.org/js-audio-recorder/-/js-audio-recorder-0.5.7.tgz",
      "integrity": "sha512-DIlv30N86AYHr7zGHN0O7V/3Rd8Q6SIJ/MBzVJaT9STWTdhF4E/8fxCX6ZMgRSv8xmx6fEqcFFNPoofmxJD4+A=="
    }
  }
}
